
Microsoft Visual Studio Solution File, Format Version 12.00
# Visual Studio 15
VisualStudioVersion = 15.0.26124.0
MinimumVisualStudioVersion = 15.0.26124.0
Project("{2150E333-8FDC-42A3-9474-1A3956D46DE8}") = "src", "src", "{CCAAC93D-065B-46CB-B71C-BE224B37914B}"
EndProject
Project("{FAE04EC0-301F-11D3-BF4B-00C04F79EFBC}") = "Vehicles.RestResources", "src\Vehicles.RestResources\Vehicles.RestResources.csproj", "{C7C9984D-C0A3-465F-AF21-EAFF7A086697}"
EndProject
Project("{FAE04EC0-301F-11D3-BF4B-00C04F79EFBC}") = "Vehicles.Services", "src\Vehicles.Services\Vehicles.Services.csproj", "{F195B0C9-35EC-4B3D-BD99-E605F19E1B89}"
EndProject
Global
	GlobalSection(SolutionConfigurationPlatforms) = preSolution
		Debug|Any CPU = Debug|Any CPU
		Debug|x64 = Debug|x64
		Debug|x86 = Debug|x86
		Release|Any CPU = Release|Any CPU
		Release|x64 = Release|x64
		Release|x86 = Release|x86
	EndGlobalSection
	GlobalSection(SolutionProperties) = preSolution
		HideSolutionNode = FALSE
	EndGlobalSection
	GlobalSection(NestedProjects) = preSolution
		{C7C9984D-C0A3-465F-AF21-EAFF7A086697} = {CCAAC93D-065B-46CB-B71C-BE224B37914B}
		{F195B0C9-35EC-4B3D-BD99-E605F19E1B89} = {CCAAC93D-065B-46CB-B71C-BE224B37914B}
	EndGlobalSection
	GlobalSection(ProjectConfigurationPlatforms) = postSolution
		{C7C9984D-C0A3-465F-AF21-EAFF7A086697}.Debug|Any CPU.ActiveCfg = Debug|Any CPU
		{C7C9984D-C0A3-465F-AF21-EAFF7A086697}.Debug|Any CPU.Build.0 = Debug|Any CPU
		{C7C9984D-C0A3-465F-AF21-EAFF7A086697}.Debug|x64.ActiveCfg = Debug|Any CPU
		{C7C9984D-C0A3-465F-AF21-EAFF7A086697}.Debug|x64.Build.0 = Debug|Any CPU
		{C7C9984D-C0A3-465F-AF21-EAFF7A086697}.Debug|x86.ActiveCfg = Debug|Any CPU
		{C7C9984D-C0A3-465F-AF21-EAFF7A086697}.Debug|x86.Build.0 = Debug|Any CPU
		{C7C9984D-C0A3-465F-AF21-EAFF7A086697}.Release|Any CPU.ActiveCfg = Release|Any CPU
		{C7C9984D-C0A3-465F-AF21-EAFF7A086697}.Release|Any CPU.Build.0 = Release|Any CPU
		{C7C9984D-C0A3-465F-AF21-EAFF7A086697}.Release|x64.ActiveCfg = Release|Any CPU
		{C7C9984D-C0A3-465F-AF21-EAFF7A086697}.Release|x64.Build.0 = Release|Any CPU
		{C7C9984D-C0A3-465F-AF21-EAFF7A086697}.Release|x86.ActiveCfg = Release|Any CPU
		{C7C9984D-C0A3-465F-AF21-EAFF7A086697}.Release|x86.Build.0 = Release|Any CPU
		{F195B0C9-35EC-4B3D-BD99-E605F19E1B89}.Debug|Any CPU.ActiveCfg = Debug|Any CPU
		{F195B0C9-35EC-4B3D-BD99-E605F19E1B89}.Debug|Any CPU.Build.0 = Debug|Any CPU
		{F195B0C9-35EC-4B3D-BD99-E605F19E1B89}.Debug|x64.ActiveCfg = Debug|Any CPU
		{F195B0C9-35EC-4B3D-BD99-E605F19E1B89}.Debug|x64.Build.0 = Debug|Any CPU
		{F195B0C9-35EC-4B3D-BD99-E605F19E1B89}.Debug|x86.ActiveCfg = Debug|Any CPU
		{F195B0C9-35EC-4B3D-BD99-E605F19E1B89}.Debug|x86.Build.0 = Debug|Any CPU
		{F195B0C9-35EC-4B3D-BD99-E605F19E1B89}.Release|Any CPU.ActiveCfg = Release|Any CPU
		{F195B0C9-35EC-4B3D-BD99-E605F19E1B89}.Release|Any CPU.Build.0 = Release|Any CPU
		{F195B0C9-35EC-4B3D-BD99-E605F19E1B89}.Release|x64.ActiveCfg = Release|Any CPU
		{F195B0C9-35EC-4B3D-BD99-E605F19E1B89}.Release|x64.Build.0 = Release|Any CPU
		{F195B0C9-35EC-4B3D-BD99-E605F19E1B89}.Release|x86.ActiveCfg = Release|Any CPU
		{F195B0C9-35EC-4B3D-BD99-E605F19E1B89}.Release|x86.Build.0 = Release|Any CPU
	EndGlobalSection
EndGlobal
